
Microsoft Visual Studio Solution File, Format Version 12.00
# Visual Studio 15
VisualStudioVersion = 15.0.28307.106
MinimumVisualStudioVersion = 10.0.40219.1
Project("{8BC9CEB8-8B4A-11D0-8D11-00A0C91BC942}") = "素数", "素数\素数.vcxproj", "{FD8C5208-4D1F-491E-B546-EFDB5C853D8D}"
EndProject
Global
	GlobalSection(SolutionConfigurationPlatforms) = preSolution
		Debug|x64 = Debug|x64
		Debug|x86 = Debug|x86
		Release|x64 = Release|x64
		Release|x86 = Release|x86
	EndGlobalSection
	GlobalSection(ProjectConfigurationPlatforms) = postSolution
		{FD8C5208-4D1F-491E-B546-EFDB5C853D8D}.Debug|x64.ActiveCfg = Debug|x64
		{FD8C5208-4D1F-491E-B546-EFDB5C853D8D}.Debug|x64.Build.0 = Debug|x64
		{FD8C5208-4D1F-491E-B546-EFDB5C853D8D}.Debug|x86.ActiveCfg = Debug|Win32
		{FD8C5208-4D1F-491E-B546-EFDB5C853D8D}.Debug|x86.Build.0 = Debug|Win32
		{FD8C5208-4D1F-491E-B546-EFDB5C853D8D}.Release|x64.ActiveCfg = Release|x64
		{FD8C5208-4D1F-491E-B546-EFDB5C853D8D}.Release|x64.Build.0 = Release|x64
		{FD8C5208-4D1F-491E-B546-EFDB5C853D8D}.Release|x86.ActiveCfg = Release|Win32
		{FD8C5208-4D1F-491E-B546-EFDB5C853D8D}.Release|x86.Build.0 = Release|Win32
	EndGlobalSection
	GlobalSection(SolutionProperties) = preSolution
		HideSolutionNode = FALSE
	EndGlobalSection
	GlobalSection(ExtensibilityGlobals) = postSolution
		SolutionGuid = {72012694-7E54-49B3-A3C2-25CC005B9548}
	EndGlobalSection
EndGlobal
