
Microsoft Visual Studio Solution File, Format Version 12.00
# Visual Studio 15
VisualStudioVersion = 15.0.28307.106
MinimumVisualStudioVersion = 10.0.40219.1
Project("{8BC9CEB8-8B4A-11D0-8D11-00A0C91BC942}") = "回文数", "回文数\回文数.vcxproj", "{607F51D0-429B-42EE-8283-7E546FE85911}"
EndProject
Global
	GlobalSection(SolutionConfigurationPlatforms) = preSolution
		Debug|x64 = Debug|x64
		Debug|x86 = Debug|x86
		Release|x64 = Release|x64
		Release|x86 = Release|x86
	EndGlobalSection
	GlobalSection(ProjectConfigurationPlatforms) = postSolution
		{607F51D0-429B-42EE-8283-7E546FE85911}.Debug|x64.ActiveCfg = Debug|x64
		{607F51D0-429B-42EE-8283-7E546FE85911}.Debug|x64.Build.0 = Debug|x64
		{607F51D0-429B-42EE-8283-7E546FE85911}.Debug|x86.ActiveCfg = Debug|Win32
		{607F51D0-429B-42EE-8283-7E546FE85911}.Debug|x86.Build.0 = Debug|Win32
		{607F51D0-429B-42EE-8283-7E546FE85911}.Release|x64.ActiveCfg = Release|x64
		{607F51D0-429B-42EE-8283-7E546FE85911}.Release|x64.Build.0 = Release|x64
		{607F51D0-429B-42EE-8283-7E546FE85911}.Release|x86.ActiveCfg = Release|Win32
		{607F51D0-429B-42EE-8283-7E546FE85911}.Release|x86.Build.0 = Release|Win32
	EndGlobalSection
	GlobalSection(SolutionProperties) = preSolution
		HideSolutionNode = FALSE
	EndGlobalSection
	GlobalSection(ExtensibilityGlobals) = postSolution
		SolutionGuid = {DECBB4F3-2359-4842-95C1-682E0D46433C}
	EndGlobalSection
EndGlobal
