
Microsoft Visual Studio Solution File, Format Version 12.00
# Visual Studio 15
VisualStudioVersion = 15.0.28307.106
MinimumVisualStudioVersion = 10.0.40219.1
Project("{8BC9CEB8-8B4A-11D0-8D11-00A0C91BC942}") = "二进制位不同的个数", "二进制位不同的个数\二进制位不同的个数.vcxproj", "{F6163F16-3F23-483A-981A-76274F3C7BAB}"
EndProject
Global
	GlobalSection(SolutionConfigurationPlatforms) = preSolution
		Debug|x64 = Debug|x64
		Debug|x86 = Debug|x86
		Release|x64 = Release|x64
		Release|x86 = Release|x86
	EndGlobalSection
	GlobalSection(ProjectConfigurationPlatforms) = postSolution
		{F6163F16-3F23-483A-981A-76274F3C7BAB}.Debug|x64.ActiveCfg = Debug|x64
		{F6163F16-3F23-483A-981A-76274F3C7BAB}.Debug|x64.Build.0 = Debug|x64
		{F6163F16-3F23-483A-981A-76274F3C7BAB}.Debug|x86.ActiveCfg = Debug|Win32
		{F6163F16-3F23-483A-981A-76274F3C7BAB}.Debug|x86.Build.0 = Debug|Win32
		{F6163F16-3F23-483A-981A-76274F3C7BAB}.Release|x64.ActiveCfg = Release|x64
		{F6163F16-3F23-483A-981A-76274F3C7BAB}.Release|x64.Build.0 = Release|x64
		{F6163F16-3F23-483A-981A-76274F3C7BAB}.Release|x86.ActiveCfg = Release|Win32
		{F6163F16-3F23-483A-981A-76274F3C7BAB}.Release|x86.Build.0 = Release|Win32
	EndGlobalSection
	GlobalSection(SolutionProperties) = preSolution
		HideSolutionNode = FALSE
	EndGlobalSection
	GlobalSection(ExtensibilityGlobals) = postSolution
		SolutionGuid = {2DD0A067-C260-41C1-AE35-AE9042C82901}
	EndGlobalSection
EndGlobal
