
Microsoft Visual Studio Solution File, Format Version 12.00
# Visual Studio 15
VisualStudioVersion = 15.0.28307.106
MinimumVisualStudioVersion = 10.0.40219.1
Project("{8BC9CEB8-8B4A-11D0-8D11-00A0C91BC942}") = "去除多余空格", "去除多余空格\去除多余空格.vcxproj", "{90479FC8-F12D-4A22-9049-CB2AE0E25588}"
EndProject
Global
	GlobalSection(SolutionConfigurationPlatforms) = preSolution
		Debug|x64 = Debug|x64
		Debug|x86 = Debug|x86
		Release|x64 = Release|x64
		Release|x86 = Release|x86
	EndGlobalSection
	GlobalSection(ProjectConfigurationPlatforms) = postSolution
		{90479FC8-F12D-4A22-9049-CB2AE0E25588}.Debug|x64.ActiveCfg = Debug|x64
		{90479FC8-F12D-4A22-9049-CB2AE0E25588}.Debug|x64.Build.0 = Debug|x64
		{90479FC8-F12D-4A22-9049-CB2AE0E25588}.Debug|x86.ActiveCfg = Debug|Win32
		{90479FC8-F12D-4A22-9049-CB2AE0E25588}.Debug|x86.Build.0 = Debug|Win32
		{90479FC8-F12D-4A22-9049-CB2AE0E25588}.Release|x64.ActiveCfg = Release|x64
		{90479FC8-F12D-4A22-9049-CB2AE0E25588}.Release|x64.Build.0 = Release|x64
		{90479FC8-F12D-4A22-9049-CB2AE0E25588}.Release|x86.ActiveCfg = Release|Win32
		{90479FC8-F12D-4A22-9049-CB2AE0E25588}.Release|x86.Build.0 = Release|Win32
	EndGlobalSection
	GlobalSection(SolutionProperties) = preSolution
		HideSolutionNode = FALSE
	EndGlobalSection
	GlobalSection(ExtensibilityGlobals) = postSolution
		SolutionGuid = {DB3BE34F-A79D-4B74-8615-A5FCA5276CD4}
	EndGlobalSection
EndGlobal
