
Microsoft Visual Studio Solution File, Format Version 12.00
# Visual Studio 15
VisualStudioVersion = 15.0.28307.106
MinimumVisualStudioVersion = 10.0.40219.1
Project("{8BC9CEB8-8B4A-11D0-8D11-00A0C91BC942}") = "递归1", "递归1\递归1.vcxproj", "{E636CB8E-EC6B-41AD-8069-969BBFAA35F1}"
EndProject
Global
	GlobalSection(SolutionConfigurationPlatforms) = preSolution
		Debug|x64 = Debug|x64
		Debug|x86 = Debug|x86
		Release|x64 = Release|x64
		Release|x86 = Release|x86
	EndGlobalSection
	GlobalSection(ProjectConfigurationPlatforms) = postSolution
		{E636CB8E-EC6B-41AD-8069-969BBFAA35F1}.Debug|x64.ActiveCfg = Debug|x64
		{E636CB8E-EC6B-41AD-8069-969BBFAA35F1}.Debug|x64.Build.0 = Debug|x64
		{E636CB8E-EC6B-41AD-8069-969BBFAA35F1}.Debug|x86.ActiveCfg = Debug|Win32
		{E636CB8E-EC6B-41AD-8069-969BBFAA35F1}.Debug|x86.Build.0 = Debug|Win32
		{E636CB8E-EC6B-41AD-8069-969BBFAA35F1}.Release|x64.ActiveCfg = Release|x64
		{E636CB8E-EC6B-41AD-8069-969BBFAA35F1}.Release|x64.Build.0 = Release|x64
		{E636CB8E-EC6B-41AD-8069-969BBFAA35F1}.Release|x86.ActiveCfg = Release|Win32
		{E636CB8E-EC6B-41AD-8069-969BBFAA35F1}.Release|x86.Build.0 = Release|Win32
	EndGlobalSection
	GlobalSection(SolutionProperties) = preSolution
		HideSolutionNode = FALSE
	EndGlobalSection
	GlobalSection(ExtensibilityGlobals) = postSolution
		SolutionGuid = {006AFC5F-078B-44BC-8090-F1C4C21C2612}
	EndGlobalSection
EndGlobal
