
Microsoft Visual Studio Solution File, Format Version 12.00
# Visual Studio 15
VisualStudioVersion = 15.0.28307.106
MinimumVisualStudioVersion = 10.0.40219.1
Project("{8BC9CEB8-8B4A-11D0-8D11-00A0C91BC942}") = "密码输入", "密码输入\密码输入.vcxproj", "{B6516FFC-0325-4387-819A-9D74D7125925}"
EndProject
Global
	GlobalSection(SolutionConfigurationPlatforms) = preSolution
		Debug|x64 = Debug|x64
		Debug|x86 = Debug|x86
		Release|x64 = Release|x64
		Release|x86 = Release|x86
	EndGlobalSection
	GlobalSection(ProjectConfigurationPlatforms) = postSolution
		{B6516FFC-0325-4387-819A-9D74D7125925}.Debug|x64.ActiveCfg = Debug|x64
		{B6516FFC-0325-4387-819A-9D74D7125925}.Debug|x64.Build.0 = Debug|x64
		{B6516FFC-0325-4387-819A-9D74D7125925}.Debug|x86.ActiveCfg = Debug|Win32
		{B6516FFC-0325-4387-819A-9D74D7125925}.Debug|x86.Build.0 = Debug|Win32
		{B6516FFC-0325-4387-819A-9D74D7125925}.Release|x64.ActiveCfg = Release|x64
		{B6516FFC-0325-4387-819A-9D74D7125925}.Release|x64.Build.0 = Release|x64
		{B6516FFC-0325-4387-819A-9D74D7125925}.Release|x86.ActiveCfg = Release|Win32
		{B6516FFC-0325-4387-819A-9D74D7125925}.Release|x86.Build.0 = Release|Win32
	EndGlobalSection
	GlobalSection(SolutionProperties) = preSolution
		HideSolutionNode = FALSE
	EndGlobalSection
	GlobalSection(ExtensibilityGlobals) = postSolution
		SolutionGuid = {7DE60A2E-39BD-449C-AD69-FD6A9F856362}
	EndGlobalSection
EndGlobal
