
Microsoft Visual Studio Solution File, Format Version 12.00
# Visual Studio 15
VisualStudioVersion = 15.0.28307.106
MinimumVisualStudioVersion = 10.0.40219.1
Project("{8BC9CEB8-8B4A-11D0-8D11-00A0C91BC942}") = "最大公约数", "最大公约数\最大公约数.vcxproj", "{98550B16-CC65-44F3-BF30-BC7CA3DD5195}"
EndProject
Global
	GlobalSection(SolutionConfigurationPlatforms) = preSolution
		Debug|x64 = Debug|x64
		Debug|x86 = Debug|x86
		Release|x64 = Release|x64
		Release|x86 = Release|x86
	EndGlobalSection
	GlobalSection(ProjectConfigurationPlatforms) = postSolution
		{98550B16-CC65-44F3-BF30-BC7CA3DD5195}.Debug|x64.ActiveCfg = Debug|x64
		{98550B16-CC65-44F3-BF30-BC7CA3DD5195}.Debug|x64.Build.0 = Debug|x64
		{98550B16-CC65-44F3-BF30-BC7CA3DD5195}.Debug|x86.ActiveCfg = Debug|Win32
		{98550B16-CC65-44F3-BF30-BC7CA3DD5195}.Debug|x86.Build.0 = Debug|Win32
		{98550B16-CC65-44F3-BF30-BC7CA3DD5195}.Release|x64.ActiveCfg = Release|x64
		{98550B16-CC65-44F3-BF30-BC7CA3DD5195}.Release|x64.Build.0 = Release|x64
		{98550B16-CC65-44F3-BF30-BC7CA3DD5195}.Release|x86.ActiveCfg = Release|Win32
		{98550B16-CC65-44F3-BF30-BC7CA3DD5195}.Release|x86.Build.0 = Release|Win32
	EndGlobalSection
	GlobalSection(SolutionProperties) = preSolution
		HideSolutionNode = FALSE
	EndGlobalSection
	GlobalSection(ExtensibilityGlobals) = postSolution
		SolutionGuid = {4EA9AB5E-E424-43AD-9F3E-57FDADBB0A8D}
	EndGlobalSection
EndGlobal
