
Microsoft Visual Studio Solution File, Format Version 12.00
# Visual Studio 15
VisualStudioVersion = 15.0.28307.106
MinimumVisualStudioVersion = 10.0.40219.1
Project("{8BC9CEB8-8B4A-11D0-8D11-00A0C91BC942}") = "操作数组", "操作数组\操作数组.vcxproj", "{9E9F4A2E-A4C9-4B5C-B252-F3CD1EE14F79}"
EndProject
Global
	GlobalSection(SolutionConfigurationPlatforms) = preSolution
		Debug|x64 = Debug|x64
		Debug|x86 = Debug|x86
		Release|x64 = Release|x64
		Release|x86 = Release|x86
	EndGlobalSection
	GlobalSection(ProjectConfigurationPlatforms) = postSolution
		{9E9F4A2E-A4C9-4B5C-B252-F3CD1EE14F79}.Debug|x64.ActiveCfg = Debug|x64
		{9E9F4A2E-A4C9-4B5C-B252-F3CD1EE14F79}.Debug|x64.Build.0 = Debug|x64
		{9E9F4A2E-A4C9-4B5C-B252-F3CD1EE14F79}.Debug|x86.ActiveCfg = Debug|Win32
		{9E9F4A2E-A4C9-4B5C-B252-F3CD1EE14F79}.Debug|x86.Build.0 = Debug|Win32
		{9E9F4A2E-A4C9-4B5C-B252-F3CD1EE14F79}.Release|x64.ActiveCfg = Release|x64
		{9E9F4A2E-A4C9-4B5C-B252-F3CD1EE14F79}.Release|x64.Build.0 = Release|x64
		{9E9F4A2E-A4C9-4B5C-B252-F3CD1EE14F79}.Release|x86.ActiveCfg = Release|Win32
		{9E9F4A2E-A4C9-4B5C-B252-F3CD1EE14F79}.Release|x86.Build.0 = Release|Win32
	EndGlobalSection
	GlobalSection(SolutionProperties) = preSolution
		HideSolutionNode = FALSE
	EndGlobalSection
	GlobalSection(ExtensibilityGlobals) = postSolution
		SolutionGuid = {70389F4B-52A6-450D-AD22-2982878B8862}
	EndGlobalSection
EndGlobal
