
Microsoft Visual Studio Solution File, Format Version 12.00
# Visual Studio 15
VisualStudioVersion = 15.0.28307.106
MinimumVisualStudioVersion = 10.0.40219.1
Project("{8BC9CEB8-8B4A-11D0-8D11-00A0C91BC942}") = "倒数第k结点", "倒数第k结点\倒数第k结点.vcxproj", "{49D70C03-4A79-4722-9201-B4C1E1BB68CB}"
EndProject
Global
	GlobalSection(SolutionConfigurationPlatforms) = preSolution
		Debug|x64 = Debug|x64
		Debug|x86 = Debug|x86
		Release|x64 = Release|x64
		Release|x86 = Release|x86
	EndGlobalSection
	GlobalSection(ProjectConfigurationPlatforms) = postSolution
		{49D70C03-4A79-4722-9201-B4C1E1BB68CB}.Debug|x64.ActiveCfg = Debug|x64
		{49D70C03-4A79-4722-9201-B4C1E1BB68CB}.Debug|x64.Build.0 = Debug|x64
		{49D70C03-4A79-4722-9201-B4C1E1BB68CB}.Debug|x86.ActiveCfg = Debug|Win32
		{49D70C03-4A79-4722-9201-B4C1E1BB68CB}.Debug|x86.Build.0 = Debug|Win32
		{49D70C03-4A79-4722-9201-B4C1E1BB68CB}.Release|x64.ActiveCfg = Release|x64
		{49D70C03-4A79-4722-9201-B4C1E1BB68CB}.Release|x64.Build.0 = Release|x64
		{49D70C03-4A79-4722-9201-B4C1E1BB68CB}.Release|x86.ActiveCfg = Release|Win32
		{49D70C03-4A79-4722-9201-B4C1E1BB68CB}.Release|x86.Build.0 = Release|Win32
	EndGlobalSection
	GlobalSection(SolutionProperties) = preSolution
		HideSolutionNode = FALSE
	EndGlobalSection
	GlobalSection(ExtensibilityGlobals) = postSolution
		SolutionGuid = {084F0BA8-779D-4046-BA36-FA8815150DA2}
	EndGlobalSection
EndGlobal
